
Microsoft Visual Studio Solution File, Format Version 12.00
# Visual Studio Version 16
VisualStudioVersion = 16.0.30523.141
MinimumVisualStudioVersion = 10.0.40219.1
Project("{FAE04EC0-301F-11D3-BF4B-00C04F79EFBC}") = "Athletics Federation", "Athletics Federation\Athletics Federation.csproj", "{6CE44F64-CC52-4F14-9BFD-383C1A9BCE49}"
EndProject
Project("{FAE04EC0-301F-11D3-BF4B-00C04F79EFBC}") = "Athletics FederationTests", "Athletics FederationTests\Athletics FederationTests.csproj", "{D74A0D4E-A4EB-4727-8543-497B161C5916}"
EndProject
Global
	GlobalSection(SolutionConfigurationPlatforms) = preSolution
		Debug|Any CPU = Debug|Any CPU
		Release|Any CPU = Release|Any CPU
	EndGlobalSection
	GlobalSection(ProjectConfigurationPlatforms) = postSolution
		{6CE44F64-CC52-4F14-9BFD-383C1A9BCE49}.Debug|Any CPU.ActiveCfg = Debug|Any CPU
		{6CE44F64-CC52-4F14-9BFD-383C1A9BCE49}.Debug|Any CPU.Build.0 = Debug|Any CPU
		{6CE44F64-CC52-4F14-9BFD-383C1A9BCE49}.Release|Any CPU.ActiveCfg = Release|Any CPU
		{6CE44F64-CC52-4F14-9BFD-383C1A9BCE49}.Release|Any CPU.Build.0 = Release|Any CPU
		{D74A0D4E-A4EB-4727-8543-497B161C5916}.Debug|Any CPU.ActiveCfg = Debug|Any CPU
		{D74A0D4E-A4EB-4727-8543-497B161C5916}.Debug|Any CPU.Build.0 = Debug|Any CPU
		{D74A0D4E-A4EB-4727-8543-497B161C5916}.Release|Any CPU.ActiveCfg = Release|Any CPU
		{D74A0D4E-A4EB-4727-8543-497B161C5916}.Release|Any CPU.Build.0 = Release|Any CPU
	EndGlobalSection
	GlobalSection(SolutionProperties) = preSolution
		HideSolutionNode = FALSE
	EndGlobalSection
	GlobalSection(ExtensibilityGlobals) = postSolution
		SolutionGuid = {B9984358-77E2-4F49-81C4-4D36CB8E1654}
	EndGlobalSection
EndGlobal
